
Microsoft Visual Studio Solution File, Format Version 12.00
# Visual Studio Version 17
VisualStudioVersion = 17.11.35208.52
MinimumVisualStudioVersion = 10.0.40219.1
Project("{8BC9CEB8-8B4A-11D0-8D11-00A0C91BC942}") = "kernel-hack", "kernel-hack.vcxproj", "{087078C0-8020-4318-B68D-73002864A290}"
EndProject
Project("{8BC9CEB8-8B4A-11D0-8D11-00A0C91BC942}") = "um-hack", "..\um-hack\um-hack.vcxproj", "{B5A62033-A8D7-4B69-B751-892442BE6E17}"
EndProject
Global
	GlobalSection(SolutionConfigurationPlatforms) = preSolution
		Debug|ARM64 = Debug|ARM64
		Debug|x64 = Debug|x64
		Debug|x86 = Debug|x86
		Release|ARM64 = Release|ARM64
		Release|x64 = Release|x64
		Release|x86 = Release|x86
	EndGlobalSection
	GlobalSection(ProjectConfigurationPlatforms) = postSolution
		{087078C0-8020-4318-B68D-73002864A290}.Debug|ARM64.ActiveCfg = Debug|ARM64
		{087078C0-8020-4318-B68D-73002864A290}.Debug|ARM64.Build.0 = Debug|ARM64
		{087078C0-8020-4318-B68D-73002864A290}.Debug|ARM64.Deploy.0 = Debug|ARM64
		{087078C0-8020-4318-B68D-73002864A290}.Debug|x64.ActiveCfg = Debug|x64
		{087078C0-8020-4318-B68D-73002864A290}.Debug|x64.Build.0 = Debug|x64
		{087078C0-8020-4318-B68D-73002864A290}.Debug|x64.Deploy.0 = Debug|x64
		{087078C0-8020-4318-B68D-73002864A290}.Debug|x86.ActiveCfg = Debug|x64
		{087078C0-8020-4318-B68D-73002864A290}.Debug|x86.Build.0 = Debug|x64
		{087078C0-8020-4318-B68D-73002864A290}.Debug|x86.Deploy.0 = Debug|x64
		{087078C0-8020-4318-B68D-73002864A290}.Release|ARM64.ActiveCfg = Release|ARM64
		{087078C0-8020-4318-B68D-73002864A290}.Release|ARM64.Build.0 = Release|ARM64
		{087078C0-8020-4318-B68D-73002864A290}.Release|ARM64.Deploy.0 = Release|ARM64
		{087078C0-8020-4318-B68D-73002864A290}.Release|x64.ActiveCfg = Release|x64
		{087078C0-8020-4318-B68D-73002864A290}.Release|x64.Build.0 = Release|x64
		{087078C0-8020-4318-B68D-73002864A290}.Release|x64.Deploy.0 = Release|x64
		{087078C0-8020-4318-B68D-73002864A290}.Release|x86.ActiveCfg = Release|x64
		{087078C0-8020-4318-B68D-73002864A290}.Release|x86.Build.0 = Release|x64
		{087078C0-8020-4318-B68D-73002864A290}.Release|x86.Deploy.0 = Release|x64
		{B5A62033-A8D7-4B69-B751-892442BE6E17}.Debug|ARM64.ActiveCfg = Debug|x64
		{B5A62033-A8D7-4B69-B751-892442BE6E17}.Debug|ARM64.Build.0 = Debug|x64
		{B5A62033-A8D7-4B69-B751-892442BE6E17}.Debug|x64.ActiveCfg = Debug|x64
		{B5A62033-A8D7-4B69-B751-892442BE6E17}.Debug|x64.Build.0 = Debug|x64
		{B5A62033-A8D7-4B69-B751-892442BE6E17}.Debug|x86.ActiveCfg = Debug|Win32
		{B5A62033-A8D7-4B69-B751-892442BE6E17}.Debug|x86.Build.0 = Debug|Win32
		{B5A62033-A8D7-4B69-B751-892442BE6E17}.Release|ARM64.ActiveCfg = Release|x64
		{B5A62033-A8D7-4B69-B751-892442BE6E17}.Release|ARM64.Build.0 = Release|x64
		{B5A62033-A8D7-4B69-B751-892442BE6E17}.Release|x64.ActiveCfg = Release|x64
		{B5A62033-A8D7-4B69-B751-892442BE6E17}.Release|x64.Build.0 = Release|x64
		{B5A62033-A8D7-4B69-B751-892442BE6E17}.Release|x86.ActiveCfg = Release|Win32
		{B5A62033-A8D7-4B69-B751-892442BE6E17}.Release|x86.Build.0 = Release|Win32
	EndGlobalSection
	GlobalSection(SolutionProperties) = preSolution
		HideSolutionNode = FALSE
	EndGlobalSection
	GlobalSection(ExtensibilityGlobals) = postSolution
		SolutionGuid = {48A63668-9797-4E99-820C-104997D6C3F5}
	EndGlobalSection
EndGlobal
